{
    "_meta": {
        "hash": {
            "sha256": "63fd6bc0268894b2cc31f040bedc29c452c9d0f2443c28fc921371b1a8d5dbf1"
        },
        "pipfile-spec": 6,
        "requires": {
            "python_version": "3.6"
        },
        "sources": [
            {
                "name": "pypi",
                "url": "https://pypi.org/simple",
                "verify_ssl": true
            }
        ]
    },
    "default": {
        "parse": {
            "hashes": [
                "sha256:a5fca7000c6588d77bc65c28f3f21bfce03b5e44daa8f9f07c17fe364990d717"
            ],
            "index": "pypi",
            "version": "==1.12.1"
        },
        "yapf": {
            "hashes": [
                "sha256:712e23c468506bf12cadd10169f852572ecc61b266258422d45aaf4ad7ef43de",
                "sha256:cad8a272c6001b3401de3278238fdc54997b6c2e56baa751788915f879a52fca"
            ],
            "index": "pypi",
            "version": "==0.29.0"
        }
    },
    "develop": {}
}
